{
	"name": "dev-landingpage",
	"version": "0.1.0",
	"lockfileVersion": 1,
	"requires": true,
	"dependencies": {
		"pnpm": {
			"version": "8.6.5",
			"resolved": "https://registry.npmjs.org/pnpm/-/pnpm-8.6.5.tgz",
			"integrity": "sha512-mztfvneJl4o9gCWfQlFKio6gVYhJbFazWUVBcomJ9u/yspwScHUxMyWvxOed1a543roo+aeIjp5VQkHOoTWFAg=="
		},
		"@next/swc-android-arm-eabi": {
			"version": "13.2.1",
			"resolved": "https://registry.npmjs.org/@next/swc-android-arm-eabi/-/swc-android-arm-eabi-13.2.1.tgz",
			"integrity": "sha512-Yua7mUpEd1wzIT6Jjl3dpRizIfGp9NR4F2xeRuQv+ae+SDI1Em2WyM9m46UL+oeW5GpMiEHoaBagr47RScZFmQ==",
			"optional": true
		},
		"@next/swc-android-arm64": {
			"version": "13.2.1",
			"resolved": "https://registry.npmjs.org/@next/swc-android-arm64/-/swc-android-arm64-13.2.1.tgz",
			"integrity": "sha512-Bifcr2f6VwInOdq1uH/9lp8fH7Nf7XGkIx4XceVd32LPJqG2c6FZU8ZRBvTdhxzXVpt5TPtuXhOP4Ij9UPqsVw==",
			"optional": true
		},
		"@next/swc-darwin-arm64": {
			"version": "13.2.1",
			"resolved": "https://registry.npmjs.org/@next/swc-darwin-arm64/-/swc-darwin-arm64-13.2.1.tgz",
			"integrity": "sha512-gvqm+fGMYxAkwBapH0Vvng5yrb6HTkIvZfY4oEdwwYrwuLdkjqnJygCMgpNqIFmAHSXgtlWxfYv1VC8sjN81Kw==",
			"optional": true
		},
		"@next/swc-darwin-x64": {
			"version": "13.2.1",
			"resolved": "https://registry.npmjs.org/@next/swc-darwin-x64/-/swc-darwin-x64-13.2.1.tgz",
			"integrity": "sha512-HGqVqmaZWj6zomqOZUVbO5NhlABL0iIaxTmd0O5B0MoMa5zpDGoaHSG+fxgcWMXcGcxmUNchv1NfNOYiTKoHOg==",
			"optional": true
		},
		"@next/swc-freebsd-x64": {
			"version": "13.2.1",
			"resolved": "https://registry.npmjs.org/@next/swc-freebsd-x64/-/swc-freebsd-x64-13.2.1.tgz",
			"integrity": "sha512-N/a4JarAq+E+g+9K2ywJUmDIgU2xs2nA+BBldH0oq4zYJMRiUhL0iaN9G4e72VmGOJ61L/3W6VN8RIUOwTLoqQ==",
			"optional": true
		},
		"@next/swc-linux-arm-gnueabihf": {
			"version": "13.2.1",
			"resolved": "https://registry.npmjs.org/@next/swc-linux-arm-gnueabihf/-/swc-linux-arm-gnueabihf-13.2.1.tgz",
			"integrity": "sha512-WaFoerF/eRbhbE57TaIGJXbQAERADZ/RZ45u6qox9beb5xnWsyYgzX+WuN7Tkhyvga0/aMuVYFzS9CEay7D+bw==",
			"optional": true
		},
		"@next/swc-linux-arm64-gnu": {
			"version": "13.2.1",
			"resolved": "https://registry.npmjs.org/@next/swc-linux-arm64-gnu/-/swc-linux-arm64-gnu-13.2.1.tgz",
			"integrity": "sha512-R+Jhc1/RJTnncE9fkePboHDNOCm1WJ8daanWbjKhfPySMyeniKYRwGn5SLYW3S8YlRS0QVdZaaszDSZWgUcsmA==",
			"optional": true
		},
		"@next/swc-linux-arm64-musl": {
			"version": "13.2.1",
			"resolved": "https://registry.npmjs.org/@next/swc-linux-arm64-musl/-/swc-linux-arm64-musl-13.2.1.tgz",
			"integrity": "sha512-oI1UfZPidGAVddlL2eOTmfsuKV9EaT1aktIzVIxIAgxzQSdwsV371gU3G55ggkurzfdlgF3GThFePDWF0d8dmw==",
			"optional": true
		},
		"@next/swc-linux-x64-gnu": {
			"version": "13.2.1",
			"resolved": "https://registry.npmjs.org/@next/swc-linux-x64-gnu/-/swc-linux-x64-gnu-13.2.1.tgz",
			"integrity": "sha512-PCygPwrQmS+7WUuAWWioWMZCzZm4PG91lfRxToLDg7yIm/3YfAw5N2EK2TaM9pzlWdvHQAqRMX/oLvv027xUiA==",
			"optional": true
		},
		"@next/swc-linux-x64-musl": {
			"version": "13.2.1",
			"resolved": "https://registry.npmjs.org/@next/swc-linux-x64-musl/-/swc-linux-x64-musl-13.2.1.tgz",
			"integrity": "sha512-sUAKxo7CFZYGHNxheGh9nIBElLYBM6md/liEGfOTwh/xna4/GTTcmkGWkF7PdnvaYNgcPIQgHIMYiAa6yBKAVw==",
			"optional": true
		},
		"@next/swc-win32-arm64-msvc": {
			"version": "13.2.1",
			"resolved": "https://registry.npmjs.org/@next/swc-win32-arm64-msvc/-/swc-win32-arm64-msvc-13.2.1.tgz",
			"integrity": "sha512-qDmyEjDBpl/vBXxuOOKKWmPQOcARcZIMach1s7kjzaien0SySut/PHRlj56sosa81Wt4hTGhfhZ1R7g1n7+B8w==",
			"optional": true
		},
		"@next/swc-win32-ia32-msvc": {
			"version": "13.2.1",
			"resolved": "https://registry.npmjs.org/@next/swc-win32-ia32-msvc/-/swc-win32-ia32-msvc-13.2.1.tgz",
			"integrity": "sha512-2joqFQ81ZYPg6DcikIzQn3DgjKglNhPAozx6dL5sCNkr1CPMD0YIkJgT3CnYyMHQ04Qi3Npv0XX3MD6LJO8OCA==",
			"optional": true
		},
		"@next/swc-win32-x64-msvc": {
			"version": "13.2.1",
			"resolved": "https://registry.npmjs.org/@next/swc-win32-x64-msvc/-/swc-win32-x64-msvc-13.2.1.tgz",
			"integrity": "sha512-r3+0fSaIZT6N237iMzwUhfNwjhAFvXjqB+4iuW+wcpxW+LHm1g/IoxN8eSRcb8jPItC86JxjAxpke0QL97qd6g==",
			"optional": true
		}
	}
}